# This file is automatically @generated by Cargo.
# It is not intended for manual editing.
version = 4

[[package]]
name = "gump-agent"
version = "0.1.0"

[[package]]
name = "gump-capsule"
version = "0.1.0"

[[package]]
name = "gump-cli"
version = "0.1.0"

[[package]]
name = "gump-connectors"
version = "0.1.0"

[[package]]
name = "gump-crypto"
version = "0.1.0"

[[package]]
name = "gump-driver"
version = "0.1.0"

[[package]]
name = "gump-gates"
version = "0.1.0"

[[package]]
name = "gump-manifest"
version = "0.1.0"

[[package]]
name = "gump-memory"
version = "0.1.0"

[[package]]
name = "gump-protocol"
version = "0.1.0"

[[package]]
name = "gump-scheduler"
version = "0.1.0"

[[package]]
name = "gump-server"
version = "0.1.0"

[[package]]
name = "gump-telemetry"
version = "0.1.0"

[[package]]
name = "gump-transport"
version = "0.1.0"
